
Microsoft Visual Studio Solution File, Format Version 12.00
# Visual Studio 15
VisualStudioVersion = 15.0.27130.2036
MinimumVisualStudioVersion = 10.0.40219.1
Project("{FAE04EC0-301F-11D3-BF4B-00C04F79EFBC}") = "TestProject1", "TestProject1\TestProject1.csproj", "{7DB55AB2-8F98-4702-A993-2E1255B29680}"
EndProject
Project("{2150E333-8FDC-42A3-9474-1A3956D46DE8}") = "Solution Items", "Solution Items", "{9049A8BD-EDED-4554-9F0E-D72D9D9383EB}"
EndProject
Project("{FAE04EC0-301F-11D3-BF4B-00C04F79EFBC}") = "Peshitta.nl", "Peshitta_nl\Peshitta.nl.csproj", "{97B8E7D7-C8C1-4A28-BA37-A83228977B56}"
EndProject
Project("{FAE04EC0-301F-11D3-BF4B-00C04F79EFBC}") = "Peshitta.Data", "Peshitta.Data\Peshitta.Data.csproj", "{4F10B22A-D4D4-4466-B25D-AEB957C7E416}"
EndProject
Project("{9A19103F-16F7-4668-BE54-9A1E7A4F7556}") = "Peshitta_nl.SPA", "Peshitta_nl.SPA\Peshitta_nl.SPA.csproj", "{54CEB5EB-C4C0-4950-B56B-94B5D79DD6FB}"
EndProject
Global
	GlobalSection(SolutionConfigurationPlatforms) = preSolution
		Debug|Any CPU = Debug|Any CPU
		Release|Any CPU = Release|Any CPU
	EndGlobalSection
	GlobalSection(ProjectConfigurationPlatforms) = postSolution
		{7DB55AB2-8F98-4702-A993-2E1255B29680}.Debug|Any CPU.ActiveCfg = Debug|Any CPU
		{7DB55AB2-8F98-4702-A993-2E1255B29680}.Debug|Any CPU.Build.0 = Debug|Any CPU
		{7DB55AB2-8F98-4702-A993-2E1255B29680}.Release|Any CPU.ActiveCfg = Release|Any CPU
		{7DB55AB2-8F98-4702-A993-2E1255B29680}.Release|Any CPU.Build.0 = Release|Any CPU
		{97B8E7D7-C8C1-4A28-BA37-A83228977B56}.Debug|Any CPU.ActiveCfg = Debug|Any CPU
		{97B8E7D7-C8C1-4A28-BA37-A83228977B56}.Debug|Any CPU.Build.0 = Debug|Any CPU
		{97B8E7D7-C8C1-4A28-BA37-A83228977B56}.Release|Any CPU.ActiveCfg = Release|Any CPU
		{97B8E7D7-C8C1-4A28-BA37-A83228977B56}.Release|Any CPU.Build.0 = Release|Any CPU
		{4F10B22A-D4D4-4466-B25D-AEB957C7E416}.Debug|Any CPU.ActiveCfg = Debug|Any CPU
		{4F10B22A-D4D4-4466-B25D-AEB957C7E416}.Debug|Any CPU.Build.0 = Debug|Any CPU
		{4F10B22A-D4D4-4466-B25D-AEB957C7E416}.Release|Any CPU.ActiveCfg = Release|Any CPU
		{4F10B22A-D4D4-4466-B25D-AEB957C7E416}.Release|Any CPU.Build.0 = Release|Any CPU
		{54CEB5EB-C4C0-4950-B56B-94B5D79DD6FB}.Debug|Any CPU.ActiveCfg = Debug|Any CPU
		{54CEB5EB-C4C0-4950-B56B-94B5D79DD6FB}.Debug|Any CPU.Build.0 = Debug|Any CPU
		{54CEB5EB-C4C0-4950-B56B-94B5D79DD6FB}.Release|Any CPU.ActiveCfg = Release|Any CPU
		{54CEB5EB-C4C0-4950-B56B-94B5D79DD6FB}.Release|Any CPU.Build.0 = Release|Any CPU
	EndGlobalSection
	GlobalSection(SolutionProperties) = preSolution
		HideSolutionNode = FALSE
	EndGlobalSection
	GlobalSection(ExtensibilityGlobals) = postSolution
		SolutionGuid = {D8E18559-A392-4572-BD00-FEA6B592D4C6}
	EndGlobalSection
	GlobalSection(TestCaseManagementSettings) = postSolution
		CategoryFile = 2001translation (2)1.vsmdi
	EndGlobalSection
EndGlobal
